// !$*UTF8*$!
{
	archiveVersion = 1;
	classes = {
	};
	objectVersion = 56;
	objects = {

/* Begin PBXBuildFile section */
		BF582F752A8B019800B35710 /* AppDelegate.swift in Sources */ = {isa = PBXBuildFile; fileRef = BF582F742A8B019800B35710 /* AppDelegate.swift */; };
		BF582F772A8B019800B35710 /* SceneDelegate.swift in Sources */ = {isa = PBXBuildFile; fileRef = BF582F762A8B019800B35710 /* SceneDelegate.swift */; };
		BF582F792A8B019800B35710 /* LoginViewController.swift in Sources */ = {isa = PBXBuildFile; fileRef = BF582F782A8B019800B35710 /* LoginViewController.swift */; };
		BF582F7E2A8B019A00B35710 /* Assets.xcassets in Resources */ = {isa = PBXBuildFile; fileRef = BF582F7D2A8B019A00B35710 /* Assets.xcassets */; };
		BF582F812A8B019A00B35710 /* LaunchScreen.storyboard in Resources */ = {isa = PBXBuildFile; fileRef = BF582F7F2A8B019A00B35710 /* LaunchScreen.storyboard */; };
		BF582FA72A8B06B300B35710 /* LoginContract.swift in Sources */ = {isa = PBXBuildFile; fileRef = BF582FA62A8B06B300B35710 /* LoginContract.swift */; };
		BF582FAA2A8B0A1C00B35710 /* LoginInteractor.swift in Sources */ = {isa = PBXBuildFile; fileRef = BF582FA92A8B0A1C00B35710 /* LoginInteractor.swift */; };
		BF582FAC2A8B0ABD00B35710 /* LoginInteractorTests.swift in Sources */ = {isa = PBXBuildFile; fileRef = BF582FAB2A8B0ABD00B35710 /* LoginInteractorTests.swift */; };
		BF582FB12A8B0F9500B35710 /* UserCredentials.swift in Sources */ = {isa = PBXBuildFile; fileRef = BF582FB02A8B0F9500B35710 /* UserCredentials.swift */; };
		BF582FB32A8BF99A00B35710 /* LoginPresenter.swift in Sources */ = {isa = PBXBuildFile; fileRef = BF582FB22A8BF99A00B35710 /* LoginPresenter.swift */; };
		BF582FB52A8C04EC00B35710 /* LoginPresenterTests.swift in Sources */ = {isa = PBXBuildFile; fileRef = BF582FB42A8C04EC00B35710 /* LoginPresenterTests.swift */; };
/* End PBXBuildFile section */

/* Begin PBXContainerItemProxy section */
		BF582F882A8B019A00B35710 /* PBXContainerItemProxy */ = {
			isa = PBXContainerItemProxy;
			containerPortal = BF582F692A8B019800B35710 /* Project object */;
			proxyType = 1;
			remoteGlobalIDString = BF582F702A8B019800B35710;
			remoteInfo = MovieViewer;
		};
/* End PBXContainerItemProxy section */

/* Begin PBXFileReference section */
		BF582F712A8B019800B35710 /* MovieViewer.app */ = {isa = PBXFileReference; explicitFileType = wrapper.application; includeInIndex = 0; path = MovieViewer.app; sourceTree = BUILT_PRODUCTS_DIR; };
		BF582F742A8B019800B35710 /* AppDelegate.swift */ = {isa = PBXFileReference; lastKnownFileType = sourcecode.swift; path = AppDelegate.swift; sourceTree = "<group>"; };
		BF582F762A8B019800B35710 /* SceneDelegate.swift */ = {isa = PBXFileReference; lastKnownFileType = sourcecode.swift; path = SceneDelegate.swift; sourceTree = "<group>"; };
		BF582F782A8B019800B35710 /* LoginViewController.swift */ = {isa = PBXFileReference; lastKnownFileType = sourcecode.swift; path = LoginViewController.swift; sourceTree = "<group>"; };
		BF582F7D2A8B019A00B35710 /* Assets.xcassets */ = {isa = PBXFileReference; lastKnownFileType = folder.assetcatalog; path = Assets.xcassets; sourceTree = "<group>"; };
		BF582F802A8B019A00B35710 /* Base */ = {isa = PBXFileReference; lastKnownFileType = file.storyboard; name = Base; path = Base.lproj/LaunchScreen.storyboard; sourceTree = "<group>"; };
		BF582F822A8B019A00B35710 /* Info.plist */ = {isa = PBXFileReference; lastKnownFileType = text.plist.xml; path = Info.plist; sourceTree = "<group>"; };
		BF582F872A8B019A00B35710 /* MovieViewerTests.xctest */ = {isa = PBXFileReference; explicitFileType = wrapper.cfbundle; includeInIndex = 0; path = MovieViewerTests.xctest; sourceTree = BUILT_PRODUCTS_DIR; };
		BF582FA62A8B06B300B35710 /* LoginContract.swift */ = {isa = PBXFileReference; lastKnownFileType = sourcecode.swift; path = LoginContract.swift; sourceTree = "<group>"; };
		BF582FA92A8B0A1C00B35710 /* LoginInteractor.swift */ = {isa = PBXFileReference; lastKnownFileType = sourcecode.swift; path = LoginInteractor.swift; sourceTree = "<group>"; };
		BF582FAB2A8B0ABD00B35710 /* LoginInteractorTests.swift */ = {isa = PBXFileReference; lastKnownFileType = sourcecode.swift; path = LoginInteractorTests.swift; sourceTree = "<group>"; };
		BF582FB02A8B0F9500B35710 /* UserCredentials.swift */ = {isa = PBXFileReference; lastKnownFileType = sourcecode.swift; path = UserCredentials.swift; sourceTree = "<group>"; };
		BF582FB22A8BF99A00B35710 /* LoginPresenter.swift */ = {isa = PBXFileReference; lastKnownFileType = sourcecode.swift; path = LoginPresenter.swift; sourceTree = "<group>"; };
		BF582FB42A8C04EC00B35710 /* LoginPresenterTests.swift */ = {isa = PBXFileReference; lastKnownFileType = sourcecode.swift; path = LoginPresenterTests.swift; sourceTree = "<group>"; };
/* End PBXFileReference section */

/* Begin PBXFrameworksBuildPhase section */
		BF582F6E2A8B019800B35710 /* Frameworks */ = {
			isa = PBXFrameworksBuildPhase;
			buildActionMask = 2147483647;
			files = (
			);
			runOnlyForDeploymentPostprocessing = 0;
		};
		BF582F842A8B019A00B35710 /* Frameworks */ = {
			isa = PBXFrameworksBuildPhase;
			buildActionMask = 2147483647;
			files = (
			);
			runOnlyForDeploymentPostprocessing = 0;
		};
/* End PBXFrameworksBuildPhase section */

/* Begin PBXGroup section */
		BF582F682A8B019800B35710 = {
			isa = PBXGroup;
			children = (
				BF582F732A8B019800B35710 /* MovieViewer */,
				BF582F8A2A8B019A00B35710 /* MovieViewerTests */,
				BF582F722A8B019800B35710 /* Products */,
			);
			sourceTree = "<group>";
		};
		BF582F722A8B019800B35710 /* Products */ = {
			isa = PBXGroup;
			children = (
				BF582F712A8B019800B35710 /* MovieViewer.app */,
				BF582F872A8B019A00B35710 /* MovieViewerTests.xctest */,
			);
			name = Products;
			sourceTree = "<group>";
		};
		BF582F732A8B019800B35710 /* MovieViewer */ = {
			isa = PBXGroup;
			children = (
				BF582FAF2A8B0F7A00B35710 /* Entities */,
				BF582FA82A8B06B800B35710 /* Modules */,
				BF582FA52A8B060500B35710 /* App */,
				BF582F7D2A8B019A00B35710 /* Assets.xcassets */,
				BF582F822A8B019A00B35710 /* Info.plist */,
			);
			path = MovieViewer;
			sourceTree = "<group>";
		};
		BF582F8A2A8B019A00B35710 /* MovieViewerTests */ = {
			isa = PBXGroup;
			children = (
				BF582FAD2A8B0AC700B35710 /* Modules */,
			);
			path = MovieViewerTests;
			sourceTree = "<group>";
		};
		BF582FA42A8B05E400B35710 /* Login */ = {
			isa = PBXGroup;
			children = (
				BF582F782A8B019800B35710 /* LoginViewController.swift */,
				BF582FA62A8B06B300B35710 /* LoginContract.swift */,
				BF582FA92A8B0A1C00B35710 /* LoginInteractor.swift */,
				BF582FB22A8BF99A00B35710 /* LoginPresenter.swift */,
			);
			path = Login;
			sourceTree = "<group>";
		};
		BF582FA52A8B060500B35710 /* App */ = {
			isa = PBXGroup;
			children = (
				BF582F742A8B019800B35710 /* AppDelegate.swift */,
				BF582F762A8B019800B35710 /* SceneDelegate.swift */,
				BF582F7F2A8B019A00B35710 /* LaunchScreen.storyboard */,
			);
			path = App;
			sourceTree = "<group>";
		};
		BF582FA82A8B06B800B35710 /* Modules */ = {
			isa = PBXGroup;
			children = (
				BF582FA42A8B05E400B35710 /* Login */,
			);
			path = Modules;
			sourceTree = "<group>";
		};
		BF582FAD2A8B0AC700B35710 /* Modules */ = {
			isa = PBXGroup;
			children = (
				BF582FAE2A8B0AD100B35710 /* Login */,
			);
			path = Modules;
			sourceTree = "<group>";
		};
		BF582FAE2A8B0AD100B35710 /* Login */ = {
			isa = PBXGroup;
			children = (
				BF582FAB2A8B0ABD00B35710 /* LoginInteractorTests.swift */,
				BF582FB42A8C04EC00B35710 /* LoginPresenterTests.swift */,
			);
			path = Login;
			sourceTree = "<group>";
		};
		BF582FAF2A8B0F7A00B35710 /* Entities */ = {
			isa = PBXGroup;
			children = (
				BF582FB02A8B0F9500B35710 /* UserCredentials.swift */,
			);
			path = Entities;
			sourceTree = "<group>";
		};
/* End PBXGroup section */

/* Begin PBXNativeTarget section */
		BF582F702A8B019800B35710 /* MovieViewer */ = {
			isa = PBXNativeTarget;
			buildConfigurationList = BF582F9B2A8B019A00B35710 /* Build configuration list for PBXNativeTarget "MovieViewer" */;
			buildPhases = (
				BF582F6D2A8B019800B35710 /* Sources */,
				BF582F6E2A8B019800B35710 /* Frameworks */,
				BF582F6F2A8B019800B35710 /* Resources */,
			);
			buildRules = (
			);
			dependencies = (
			);
			name = MovieViewer;
			productName = MovieViewer;
			productReference = BF582F712A8B019800B35710 /* MovieViewer.app */;
			productType = "com.apple.product-type.application";
		};
		BF582F862A8B019A00B35710 /* MovieViewerTests */ = {
			isa = PBXNativeTarget;
			buildConfigurationList = BF582F9E2A8B019A00B35710 /* Build configuration list for PBXNativeTarget "MovieViewerTests" */;
			buildPhases = (
				BF582F832A8B019A00B35710 /* Sources */,
				BF582F842A8B019A00B35710 /* Frameworks */,
				BF582F852A8B019A00B35710 /* Resources */,
			);
			buildRules = (
			);
			dependencies = (
				BF582F892A8B019A00B35710 /* PBXTargetDependency */,
			);
			name = MovieViewerTests;
			productName = MovieViewerTests;
			productReference = BF582F872A8B019A00B35710 /* MovieViewerTests.xctest */;
			productType = "com.apple.product-type.bundle.unit-test";
		};
/* End PBXNativeTarget section */

/* Begin PBXProject section */
		BF582F692A8B019800B35710 /* Project object */ = {
			isa = PBXProject;
			attributes = {
				BuildIndependentTargetsInParallel = 1;
				LastSwiftUpdateCheck = 1420;
				LastUpgradeCheck = 1420;
				TargetAttributes = {
					BF582F702A8B019800B35710 = {
						CreatedOnToolsVersion = 14.2;
					};
					BF582F862A8B019A00B35710 = {
						CreatedOnToolsVersion = 14.2;
						TestTargetID = BF582F702A8B019800B35710;
					};
				};
			};
			buildConfigurationList = BF582F6C2A8B019800B35710 /* Build configuration list for PBXProject "MovieViewer" */;
			compatibilityVersion = "Xcode 14.0";
			developmentRegion = en;
			hasScannedForEncodings = 0;
			knownRegions = (
				en,
				Base,
			);
			mainGroup = BF582F682A8B019800B35710;
			productRefGroup = BF582F722A8B019800B35710 /* Products */;
			projectDirPath = "";
			projectRoot = "";
			targets = (
				BF582F702A8B019800B35710 /* MovieViewer */,
				BF582F862A8B019A00B35710 /* MovieViewerTests */,
			);
		};
/* End PBXProject section */

/* Begin PBXResourcesBuildPhase section */
		BF582F6F2A8B019800B35710 /* Resources */ = {
			isa = PBXResourcesBuildPhase;
			buildActionMask = 2147483647;
			files = (
				BF582F812A8B019A00B35710 /* LaunchScreen.storyboard in Resources */,
				BF582F7E2A8B019A00B35710 /* Assets.xcassets in Resources */,
			);
			runOnlyForDeploymentPostprocessing = 0;
		};
		BF582F852A8B019A00B35710 /* Resources */ = {
			isa = PBXResourcesBuildPhase;
			buildActionMask = 2147483647;
			files = (
			);
			runOnlyForDeploymentPostprocessing = 0;
		};
/* End PBXResourcesBuildPhase section */

/* Begin PBXSourcesBuildPhase section */
		BF582F6D2A8B019800B35710 /* Sources */ = {
			isa = PBXSourcesBuildPhase;
			buildActionMask = 2147483647;
			files = (
				BF582F792A8B019800B35710 /* LoginViewController.swift in Sources */,
				BF582FA72A8B06B300B35710 /* LoginContract.swift in Sources */,
				BF582FB32A8BF99A00B35710 /* LoginPresenter.swift in Sources */,
				BF582F752A8B019800B35710 /* AppDelegate.swift in Sources */,
				BF582FAA2A8B0A1C00B35710 /* LoginInteractor.swift in Sources */,
				BF582F772A8B019800B35710 /* SceneDelegate.swift in Sources */,
				BF582FB12A8B0F9500B35710 /* UserCredentials.swift in Sources */,
			);
			runOnlyForDeploymentPostprocessing = 0;
		};
		BF582F832A8B019A00B35710 /* Sources */ = {
			isa = PBXSourcesBuildPhase;
			buildActionMask = 2147483647;
			files = (
				BF582FB52A8C04EC00B35710 /* LoginPresenterTests.swift in Sources */,
				BF582FAC2A8B0ABD00B35710 /* LoginInteractorTests.swift in Sources */,
			);
			runOnlyForDeploymentPostprocessing = 0;
		};
/* End PBXSourcesBuildPhase section */

/* Begin PBXTargetDependency section */
		BF582F892A8B019A00B35710 /* PBXTargetDependency */ = {
			isa = PBXTargetDependency;
			target = BF582F702A8B019800B35710 /* MovieViewer */;
			targetProxy = BF582F882A8B019A00B35710 /* PBXContainerItemProxy */;
		};
/* End PBXTargetDependency section */

/* Begin PBXVariantGroup section */
		BF582F7F2A8B019A00B35710 /* LaunchScreen.storyboard */ = {
			isa = PBXVariantGroup;
			children = (
				BF582F802A8B019A00B35710 /* Base */,
			);
			name = LaunchScreen.storyboard;
			sourceTree = "<group>";
		};
/* End PBXVariantGroup section */

/* Begin XCBuildConfiguration section */
		BF582F992A8B019A00B35710 /* Debug */ = {
			isa = XCBuildConfiguration;
			buildSettings = {
				ALWAYS_SEARCH_USER_PATHS = NO;
				CLANG_ANALYZER_NONNULL = YES;
				CLANG_ANALYZER_NUMBER_OBJECT_CONVERSION = YES_AGGRESSIVE;
				CLANG_CXX_LANGUAGE_STANDARD = "gnu++20";
				CLANG_ENABLE_MODULES = YES;
				CLANG_ENABLE_OBJC_ARC = YES;
				CLANG_ENABLE_OBJC_WEAK = YES;
				CLANG_WARN_BLOCK_CAPTURE_AUTORELEASING = YES;
				CLANG_WARN_BOOL_CONVERSION = YES;
				CLANG_WARN_COMMA = YES;
				CLANG_WARN_CONSTANT_CONVERSION = YES;
				CLANG_WARN_DEPRECATED_OBJC_IMPLEMENTATIONS = YES;
				CLANG_WARN_DIRECT_OBJC_ISA_USAGE = YES_ERROR;
				CLANG_WARN_DOCUMENTATION_COMMENTS = YES;
				CLANG_WARN_EMPTY_BODY = YES;
				CLANG_WARN_ENUM_CONVERSION = YES;
				CLANG_WARN_INFINITE_RECURSION = YES;
				CLANG_WARN_INT_CONVERSION = YES;
				CLANG_WARN_NON_LITERAL_NULL_CONVERSION = YES;
				CLANG_WARN_OBJC_IMPLICIT_RETAIN_SELF = YES;
				CLANG_WARN_OBJC_LITERAL_CONVERSION = YES;
				CLANG_WARN_OBJC_ROOT_CLASS = YES_ERROR;
				CLANG_WARN_QUOTED_INCLUDE_IN_FRAMEWORK_HEADER = YES;
				CLANG_WARN_RANGE_LOOP_ANALYSIS = YES;
				CLANG_WARN_STRICT_PROTOTYPES = YES;
				CLANG_WARN_SUSPICIOUS_MOVE = YES;
				CLANG_WARN_UNGUARDED_AVAILABILITY = YES_AGGRESSIVE;
				CLANG_WARN_UNREACHABLE_CODE = YES;
				CLANG_WARN__DUPLICATE_METHOD_MATCH = YES;
				COPY_PHASE_STRIP = NO;
				DEBUG_INFORMATION_FORMAT = dwarf;
				ENABLE_STRICT_OBJC_MSGSEND = YES;
				ENABLE_TESTABILITY = YES;
				GCC_C_LANGUAGE_STANDARD = gnu11;
				GCC_DYNAMIC_NO_PIC = NO;
				GCC_NO_COMMON_BLOCKS = YES;
				GCC_OPTIMIZATION_LEVEL = 0;
				GCC_PREPROCESSOR_DEFINITIONS = (
					"DEBUG=1",
					"$(inherited)",
				);
				GCC_WARN_64_TO_32_BIT_CONVERSION = YES;
				GCC_WARN_ABOUT_RETURN_TYPE = YES_ERROR;
				GCC_WARN_UNDECLARED_SELECTOR = YES;
				GCC_WARN_UNINITIALIZED_AUTOS = YES_AGGRESSIVE;
				GCC_WARN_UNUSED_FUNCTION = YES;
				GCC_WARN_UNUSED_VARIABLE = YES;
				IPHONEOS_DEPLOYMENT_TARGET = 16.2;
				MTL_ENABLE_DEBUG_INFO = INCLUDE_SOURCE;
				MTL_FAST_MATH = YES;
				ONLY_ACTIVE_ARCH = YES;
				SDKROOT = iphoneos;
				SWIFT_ACTIVE_COMPILATION_CONDITIONS = DEBUG;
				SWIFT_OPTIMIZATION_LEVEL = "-Onone";
			};
			name = Debug;
		};
		BF582F9A2A8B019A00B35710 /* Release */ = {
			isa = XCBuildConfiguration;
			buildSettings = {
				ALWAYS_SEARCH_USER_PATHS = NO;
				CLANG_ANALYZER_NONNULL = YES;
				CLANG_ANALYZER_NUMBER_OBJECT_CONVERSION = YES_AGGRESSIVE;
				CLANG_CXX_LANGUAGE_STANDARD = "gnu++20";
				CLANG_ENABLE_MODULES = YES;
				CLANG_ENABLE_OBJC_ARC = YES;
				CLANG_ENABLE_OBJC_WEAK = YES;
				CLANG_WARN_BLOCK_CAPTURE_AUTORELEASING = YES;
				CLANG_WARN_BOOL_CONVERSION = YES;
				CLANG_WARN_COMMA = YES;
				CLANG_WARN_CONSTANT_CONVERSION = YES;
				CLANG_WARN_DEPRECATED_OBJC_IMPLEMENTATIONS = YES;
				CLANG_WARN_DIRECT_OBJC_ISA_USAGE = YES_ERROR;
				CLANG_WARN_DOCUMENTATION_COMMENTS = YES;
				CLANG_WARN_EMPTY_BODY = YES;
				CLANG_WARN_ENUM_CONVERSION = YES;
				CLANG_WARN_INFINITE_RECURSION = YES;
				CLANG_WARN_INT_CONVERSION = YES;
				CLANG_WARN_NON_LITERAL_NULL_CONVERSION = YES;
				CLANG_WARN_OBJC_IMPLICIT_RETAIN_SELF = YES;
				CLANG_WARN_OBJC_LITERAL_CONVERSION = YES;
				CLANG_WARN_OBJC_ROOT_CLASS = YES_ERROR;
				CLANG_WARN_QUOTED_INCLUDE_IN_FRAMEWORK_HEADER = YES;
				CLANG_WARN_RANGE_LOOP_ANALYSIS = YES;
				CLANG_WARN_STRICT_PROTOTYPES = YES;
				CLANG_WARN_SUSPICIOUS_MOVE = YES;
				CLANG_WARN_UNGUARDED_AVAILABILITY = YES_AGGRESSIVE;
				CLANG_WARN_UNREACHABLE_CODE = YES;
				CLANG_WARN__DUPLICATE_METHOD_MATCH = YES;
				COPY_PHASE_STRIP = NO;
				DEBUG_INFORMATION_FORMAT = "dwarf-with-dsym";
				ENABLE_NS_ASSERTIONS = NO;
				ENABLE_STRICT_OBJC_MSGSEND = YES;
				GCC_C_LANGUAGE_STANDARD = gnu11;
				GCC_NO_COMMON_BLOCKS = YES;
				GCC_WARN_64_TO_32_BIT_CONVERSION = YES;
				GCC_WARN_ABOUT_RETURN_TYPE = YES_ERROR;
				GCC_WARN_UNDECLARED_SELECTOR = YES;
				GCC_WARN_UNINITIALIZED_AUTOS = YES_AGGRESSIVE;
				GCC_WARN_UNUSED_FUNCTION = YES;
				GCC_WARN_UNUSED_VARIABLE = YES;
				IPHONEOS_DEPLOYMENT_TARGET = 16.2;
				MTL_ENABLE_DEBUG_INFO = NO;
				MTL_FAST_MATH = YES;
				SDKROOT = iphoneos;
				SWIFT_COMPILATION_MODE = wholemodule;
				SWIFT_OPTIMIZATION_LEVEL = "-O";
				VALIDATE_PRODUCT = YES;
			};
			name = Release;
		};
		BF582F9C2A8B019A00B35710 /* Debug */ = {
			isa = XCBuildConfiguration;
			buildSettings = {
				ASSETCATALOG_COMPILER_APPICON_NAME = AppIcon;
				ASSETCATALOG_COMPILER_GLOBAL_ACCENT_COLOR_NAME = AccentColor;
				CODE_SIGN_STYLE = Automatic;
				CURRENT_PROJECT_VERSION = 1;
				DEVELOPMENT_TEAM = W97JLW6XR8;
				GENERATE_INFOPLIST_FILE = YES;
				INFOPLIST_FILE = MovieViewer/Info.plist;
				INFOPLIST_KEY_UIApplicationSupportsIndirectInputEvents = YES;
				INFOPLIST_KEY_UILaunchStoryboardName = LaunchScreen;
				INFOPLIST_KEY_UISupportedInterfaceOrientations_iPad = "UIInterfaceOrientationPortrait UIInterfaceOrientationPortraitUpsideDown UIInterfaceOrientationLandscapeLeft UIInterfaceOrientationLandscapeRight";
				INFOPLIST_KEY_UISupportedInterfaceOrientations_iPhone = "UIInterfaceOrientationPortrait UIInterfaceOrientationLandscapeLeft UIInterfaceOrientationLandscapeRight";
				LD_RUNPATH_SEARCH_PATHS = (
					"$(inherited)",
					"@executable_path/Frameworks",
				);
				MARKETING_VERSION = 1.0;
				PRODUCT_BUNDLE_IDENTIFIER = org.dizzyeffects.MovieViewer;
				PRODUCT_NAME = "$(TARGET_NAME)";
				SWIFT_EMIT_LOC_STRINGS = YES;
				SWIFT_VERSION = 5.0;
				TARGETED_DEVICE_FAMILY = "1,2";
			};
			name = Debug;
		};
		BF582F9D2A8B019A00B35710 /* Release */ = {
			isa = XCBuildConfiguration;
			buildSettings = {
				ASSETCATALOG_COMPILER_APPICON_NAME = AppIcon;
				ASSETCATALOG_COMPILER_GLOBAL_ACCENT_COLOR_NAME = AccentColor;
				CODE_SIGN_STYLE = Automatic;
				CURRENT_PROJECT_VERSION = 1;
				DEVELOPMENT_TEAM = W97JLW6XR8;
				GENERATE_INFOPLIST_FILE = YES;
				INFOPLIST_FILE = MovieViewer/Info.plist;
				INFOPLIST_KEY_UIApplicationSupportsIndirectInputEvents = YES;
				INFOPLIST_KEY_UILaunchStoryboardName = LaunchScreen;
				INFOPLIST_KEY_UISupportedInterfaceOrientations_iPad = "UIInterfaceOrientationPortrait UIInterfaceOrientationPortraitUpsideDown UIInterfaceOrientationLandscapeLeft UIInterfaceOrientationLandscapeRight";
				INFOPLIST_KEY_UISupportedInterfaceOrientations_iPhone = "UIInterfaceOrientationPortrait UIInterfaceOrientationLandscapeLeft UIInterfaceOrientationLandscapeRight";
				LD_RUNPATH_SEARCH_PATHS = (
					"$(inherited)",
					"@executable_path/Frameworks",
				);
				MARKETING_VERSION = 1.0;
				PRODUCT_BUNDLE_IDENTIFIER = org.dizzyeffects.MovieViewer;
				PRODUCT_NAME = "$(TARGET_NAME)";
				SWIFT_EMIT_LOC_STRINGS = YES;
				SWIFT_VERSION = 5.0;
				TARGETED_DEVICE_FAMILY = "1,2";
			};
			name = Release;
		};
		BF582F9F2A8B019A00B35710 /* Debug */ = {
			isa = XCBuildConfiguration;
			buildSettings = {
				ALWAYS_EMBED_SWIFT_STANDARD_LIBRARIES = YES;
				BUNDLE_LOADER = "$(TEST_HOST)";
				CODE_SIGN_STYLE = Automatic;
				CURRENT_PROJECT_VERSION = 1;
				DEVELOPMENT_TEAM = W97JLW6XR8;
				GENERATE_INFOPLIST_FILE = YES;
				IPHONEOS_DEPLOYMENT_TARGET = 16.2;
				MARKETING_VERSION = 1.0;
				PRODUCT_BUNDLE_IDENTIFIER = org.dizzyeffects.MovieViewerTests;
				PRODUCT_NAME = "$(TARGET_NAME)";
				SWIFT_EMIT_LOC_STRINGS = NO;
				SWIFT_VERSION = 5.0;
				TARGETED_DEVICE_FAMILY = "1,2";
				TEST_HOST = "$(BUILT_PRODUCTS_DIR)/MovieViewer.app/$(BUNDLE_EXECUTABLE_FOLDER_PATH)/MovieViewer";
			};
			name = Debug;
		};
		BF582FA02A8B019A00B35710 /* Release */ = {
			isa = XCBuildConfiguration;
			buildSettings = {
				ALWAYS_EMBED_SWIFT_STANDARD_LIBRARIES = YES;
				BUNDLE_LOADER = "$(TEST_HOST)";
				CODE_SIGN_STYLE = Automatic;
				CURRENT_PROJECT_VERSION = 1;
				DEVELOPMENT_TEAM = W97JLW6XR8;
				GENERATE_INFOPLIST_FILE = YES;
				IPHONEOS_DEPLOYMENT_TARGET = 16.2;
				MARKETING_VERSION = 1.0;
				PRODUCT_BUNDLE_IDENTIFIER = org.dizzyeffects.MovieViewerTests;
				PRODUCT_NAME = "$(TARGET_NAME)";
				SWIFT_EMIT_LOC_STRINGS = NO;
				SWIFT_VERSION = 5.0;
				TARGETED_DEVICE_FAMILY = "1,2";
				TEST_HOST = "$(BUILT_PRODUCTS_DIR)/MovieViewer.app/$(BUNDLE_EXECUTABLE_FOLDER_PATH)/MovieViewer";
			};
			name = Release;
		};
/* End XCBuildConfiguration section */

/* Begin XCConfigurationList section */
		BF582F6C2A8B019800B35710 /* Build configuration list for PBXProject "MovieViewer" */ = {
			isa = XCConfigurationList;
			buildConfigurations = (
				BF582F992A8B019A00B35710 /* Debug */,
				BF582F9A2A8B019A00B35710 /* Release */,
			);
			defaultConfigurationIsVisible = 0;
			defaultConfigurationName = Release;
		};
		BF582F9B2A8B019A00B35710 /* Build configuration list for PBXNativeTarget "MovieViewer" */ = {
			isa = XCConfigurationList;
			buildConfigurations = (
				BF582F9C2A8B019A00B35710 /* Debug */,
				BF582F9D2A8B019A00B35710 /* Release */,
			);
			defaultConfigurationIsVisible = 0;
			defaultConfigurationName = Release;
		};
		BF582F9E2A8B019A00B35710 /* Build configuration list for PBXNativeTarget "MovieViewerTests" */ = {
			isa = XCConfigurationList;
			buildConfigurations = (
				BF582F9F2A8B019A00B35710 /* Debug */,
				BF582FA02A8B019A00B35710 /* Release */,
			);
			defaultConfigurationIsVisible = 0;
			defaultConfigurationName = Release;
		};
/* End XCConfigurationList section */
	};
	rootObject = BF582F692A8B019800B35710 /* Project object */;
}
